
Microsoft Visual Studio Solution File, Format Version 12.00
# Visual Studio Version 16
VisualStudioVersion = 16.0.31112.23
MinimumVisualStudioVersion = 10.0.40219.1
Project("{9A19103F-16F7-4668-BE54-9A1E7A4F7556}") = "FriendOrganizer.UI", "FriendOrganizer.UI\FriendOrganizer.UI.csproj", "{F2EFE5F5-5A1A-4BB2-B863-4A47D01C63FF}"
	ProjectSection(ProjectDependencies) = postProject
		{137CD171-E67A-4CBB-94C1-2BF7D5E414E7} = {137CD171-E67A-4CBB-94C1-2BF7D5E414E7}
		{538907FF-8E2B-4B78-BDFF-E8ACDFD08278} = {538907FF-8E2B-4B78-BDFF-E8ACDFD08278}
	EndProjectSection
EndProject
Project("{9A19103F-16F7-4668-BE54-9A1E7A4F7556}") = "FriendOrganizer.DataAccess", "FriendOrganizer.DataAccess\FriendOrganizer.DataAccess.csproj", "{538907FF-8E2B-4B78-BDFF-E8ACDFD08278}"
	ProjectSection(ProjectDependencies) = postProject
		{137CD171-E67A-4CBB-94C1-2BF7D5E414E7} = {137CD171-E67A-4CBB-94C1-2BF7D5E414E7}
	EndProjectSection
EndProject
Project("{9A19103F-16F7-4668-BE54-9A1E7A4F7556}") = "FriendOrganizer.Domain", "FriendOrganizer.Model\FriendOrganizer.Domain.csproj", "{137CD171-E67A-4CBB-94C1-2BF7D5E414E7}"
EndProject
Project("{FAE04EC0-301F-11D3-BF4B-00C04F79EFBC}") = "FriendOrganizer.UITests", "FriendOrganizer.UITests\FriendOrganizer.UITests.csproj", "{BDF1E731-FD7C-4388-9FA4-F3C321B11525}"
EndProject
Global
	GlobalSection(SolutionConfigurationPlatforms) = preSolution
		Debug|Any CPU = Debug|Any CPU
		Release|Any CPU = Release|Any CPU
	EndGlobalSection
	GlobalSection(ProjectConfigurationPlatforms) = postSolution
		{F2EFE5F5-5A1A-4BB2-B863-4A47D01C63FF}.Debug|Any CPU.ActiveCfg = Debug|Any CPU
		{F2EFE5F5-5A1A-4BB2-B863-4A47D01C63FF}.Debug|Any CPU.Build.0 = Debug|Any CPU
		{F2EFE5F5-5A1A-4BB2-B863-4A47D01C63FF}.Release|Any CPU.ActiveCfg = Release|Any CPU
		{F2EFE5F5-5A1A-4BB2-B863-4A47D01C63FF}.Release|Any CPU.Build.0 = Release|Any CPU
		{538907FF-8E2B-4B78-BDFF-E8ACDFD08278}.Debug|Any CPU.ActiveCfg = Debug|Any CPU
		{538907FF-8E2B-4B78-BDFF-E8ACDFD08278}.Debug|Any CPU.Build.0 = Debug|Any CPU
		{538907FF-8E2B-4B78-BDFF-E8ACDFD08278}.Release|Any CPU.ActiveCfg = Release|Any CPU
		{538907FF-8E2B-4B78-BDFF-E8ACDFD08278}.Release|Any CPU.Build.0 = Release|Any CPU
		{137CD171-E67A-4CBB-94C1-2BF7D5E414E7}.Debug|Any CPU.ActiveCfg = Debug|Any CPU
		{137CD171-E67A-4CBB-94C1-2BF7D5E414E7}.Debug|Any CPU.Build.0 = Debug|Any CPU
		{137CD171-E67A-4CBB-94C1-2BF7D5E414E7}.Release|Any CPU.ActiveCfg = Release|Any CPU
		{137CD171-E67A-4CBB-94C1-2BF7D5E414E7}.Release|Any CPU.Build.0 = Release|Any CPU
		{BDF1E731-FD7C-4388-9FA4-F3C321B11525}.Debug|Any CPU.ActiveCfg = Debug|Any CPU
		{BDF1E731-FD7C-4388-9FA4-F3C321B11525}.Debug|Any CPU.Build.0 = Debug|Any CPU
		{BDF1E731-FD7C-4388-9FA4-F3C321B11525}.Release|Any CPU.ActiveCfg = Release|Any CPU
		{BDF1E731-FD7C-4388-9FA4-F3C321B11525}.Release|Any CPU.Build.0 = Release|Any CPU
	EndGlobalSection
	GlobalSection(SolutionProperties) = preSolution
		HideSolutionNode = FALSE
	EndGlobalSection
	GlobalSection(ExtensibilityGlobals) = postSolution
		SolutionGuid = {4FAFC151-62F5-457D-9227-157E85899BF0}
	EndGlobalSection
EndGlobal
